
Microsoft Visual Studio Solution File, Format Version 12.00
# Visual Studio Version 17
VisualStudioVersion = 17.3.32929.385
MinimumVisualStudioVersion = 10.0.40219.1
Project("{FAE04EC0-301F-11D3-BF4B-00C04F79EFBC}") = "GoHttp-uTLS", "GoHttp-uTLS.csproj", "{6424B661-9BFB-4D7B-9551-D13ED7FE88F2}"
EndProject
Project("{FAE04EC0-301F-11D3-BF4B-00C04F79EFBC}") = "Example", "..\Example\Example.csproj", "{75491903-DCA4-4326-9E99-986ADE18EC43}"
EndProject
Global
	GlobalSection(SolutionConfigurationPlatforms) = preSolution
		Debug|Any CPU = Debug|Any CPU
		Release|Any CPU = Release|Any CPU
	EndGlobalSection
	GlobalSection(ProjectConfigurationPlatforms) = postSolution
		{6424B661-9BFB-4D7B-9551-D13ED7FE88F2}.Debug|Any CPU.ActiveCfg = Debug|Any CPU
		{6424B661-9BFB-4D7B-9551-D13ED7FE88F2}.Debug|Any CPU.Build.0 = Debug|Any CPU
		{6424B661-9BFB-4D7B-9551-D13ED7FE88F2}.Release|Any CPU.ActiveCfg = Release|Any CPU
		{6424B661-9BFB-4D7B-9551-D13ED7FE88F2}.Release|Any CPU.Build.0 = Release|Any CPU
		{75491903-DCA4-4326-9E99-986ADE18EC43}.Debug|Any CPU.ActiveCfg = Debug|Any CPU
		{75491903-DCA4-4326-9E99-986ADE18EC43}.Debug|Any CPU.Build.0 = Debug|Any CPU
		{75491903-DCA4-4326-9E99-986ADE18EC43}.Release|Any CPU.ActiveCfg = Release|Any CPU
		{75491903-DCA4-4326-9E99-986ADE18EC43}.Release|Any CPU.Build.0 = Release|Any CPU
	EndGlobalSection
	GlobalSection(SolutionProperties) = preSolution
		HideSolutionNode = FALSE
	EndGlobalSection
	GlobalSection(ExtensibilityGlobals) = postSolution
		SolutionGuid = {3044FD45-1BB1-446C-A476-B7FB6A11A1F6}
	EndGlobalSection
EndGlobal
